PODS:
  - device_info_plus (0.0.1):
    - Flutter
  - Flutter (1.0.0)
  - shared_preferences_foundation (0.0.1):
    - Flutter
    - FlutterMacOS

DEPENDENCIES:
  - device_info_plus (from `.symlinks/plugins/device_info_plus/ios`)
  - Flutter (from `Flutter`)
  - shared_preferences_foundation (from `.symlinks/plugins/shared_preferences_foundation/darwin`)

EXTERNAL SOURCES:
  device_info_plus:
    :path: ".symlinks/plugins/device_info_plus/ios"
  Flutter:
    :path: Flutter
  shared_preferences_foundation:
    :path: ".symlinks/plugins/shared_preferences_foundation/darwin"

SPEC CHECKSUMS:
  device_info_plus: e5c5da33f982a436e103237c0c85f9031142abed
  Flutter: f04841e97a9d0b0a8025694d0796dd46242b2854
  shared_preferences_foundation: 297b3ebca31b34ec92be11acd7fb0ba932c822ca

PODFILE CHECKSUM: 70d9d25280d0dd177a5f637cdb0f0b0b12c6a189

COCOAPODS: 1.11.3
